// !$*UTF8*$!
{
	archiveVersion = 1;
	classes = {
	};
	objectVersion = 56;
	objects = {

/* Begin PBXBuildFile section */
		ABB3050D28DE24E700CE0E54 /* main.swift in Sources */ = {isa = PBXBuildFile; fileRef = ABB3050C28DE24E700CE0E54 /* main.swift */; };
		ABB3051528DE279F00CE0E54 /* User.swift in Sources */ = {isa = PBXBuildFile; fileRef = ABB3051428DE279F00CE0E54 /* User.swift */; };
		ABB3051C28DE48BB00CE0E54 /* Functions.swift in Sources */ = {isa = PBXBuildFile; fileRef = ABB3051B28DE48BB00CE0E54 /* Functions.swift */; };
		ABB3053828DF57B500CE0E54 /* Products.swift in Sources */ = {isa = PBXBuildFile; fileRef = ABB3053728DF57B500CE0E54 /* Products.swift */; };
		ABB3053A28DF622000CE0E54 /* Items.swift in Sources */ = {isa = PBXBuildFile; fileRef = ABB3053928DF622000CE0E54 /* Items.swift */; };
		ABB3053C28DFB2F400CE0E54 /* Enemies.swift in Sources */ = {isa = PBXBuildFile; fileRef = ABB3053B28DFB2F400CE0E54 /* Enemies.swift */; };
/* End PBXBuildFile section */

/* Begin PBXCopyFilesBuildPhase section */
		ABB3050728DE24E700CE0E54 /* CopyFiles */ = {
			isa = PBXCopyFilesBuildPhase;
			buildActionMask = 2147483647;
			dstPath = /usr/share/man/man1/;
			dstSubfolderSpec = 0;
			files = (
			);
			runOnlyForDeploymentPostprocessing = 1;
		};
/* End PBXCopyFilesBuildPhase section */

/* Begin PBXFileReference section */
		ABB3050928DE24E700CE0E54 /* iOS-Bootcamp-Week1 */ = {isa = PBXFileReference; explicitFileType = "compiled.mach-o.executable"; includeInIndex = 0; path = "iOS-Bootcamp-Week1"; sourceTree = BUILT_PRODUCTS_DIR; };
		ABB3050C28DE24E700CE0E54 /* main.swift */ = {isa = PBXFileReference; lastKnownFileType = sourcecode.swift; path = main.swift; sourceTree = "<group>"; };
		ABB3051428DE279F00CE0E54 /* User.swift */ = {isa = PBXFileReference; lastKnownFileType = sourcecode.swift; path = User.swift; sourceTree = "<group>"; };
		ABB3051B28DE48BB00CE0E54 /* Functions.swift */ = {isa = PBXFileReference; lastKnownFileType = sourcecode.swift; path = Functions.swift; sourceTree = "<group>"; };
		ABB3053728DF57B500CE0E54 /* Products.swift */ = {isa = PBXFileReference; lastKnownFileType = sourcecode.swift; path = Products.swift; sourceTree = "<group>"; };
		ABB3053928DF622000CE0E54 /* Items.swift */ = {isa = PBXFileReference; lastKnownFileType = sourcecode.swift; path = Items.swift; sourceTree = "<group>"; };
		ABB3053B28DFB2F400CE0E54 /* Enemies.swift */ = {isa = PBXFileReference; lastKnownFileType = sourcecode.swift; path = Enemies.swift; sourceTree = "<group>"; };
/* End PBXFileReference section */

/* Begin PBXFrameworksBuildPhase section */
		ABB3050628DE24E700CE0E54 /* Frameworks */ = {
			isa = PBXFrameworksBuildPhase;
			buildActionMask = 2147483647;
			files = (
			);
			runOnlyForDeploymentPostprocessing = 0;
		};
/* End PBXFrameworksBuildPhase section */

/* Begin PBXGroup section */
		ABB3050028DE24E700CE0E54 = {
			isa = PBXGroup;
			children = (
				ABB3050B28DE24E700CE0E54 /* iOS-Bootcamp-Week1 */,
				ABB3050A28DE24E700CE0E54 /* Products */,
			);
			sourceTree = "<group>";
		};
		ABB3050A28DE24E700CE0E54 /* Products */ = {
			isa = PBXGroup;
			children = (
				ABB3050928DE24E700CE0E54 /* iOS-Bootcamp-Week1 */,
			);
			name = Products;
			sourceTree = "<group>";
		};
		ABB3050B28DE24E700CE0E54 /* iOS-Bootcamp-Week1 */ = {
			isa = PBXGroup;
			children = (
				ABB3051628DE27A500CE0E54 /* Model */,
				ABB3051328DE279100CE0E54 /* Controller */,
			);
			path = "iOS-Bootcamp-Week1";
			sourceTree = "<group>";
		};
		ABB3051328DE279100CE0E54 /* Controller */ = {
			isa = PBXGroup;
			children = (
				ABB3050C28DE24E700CE0E54 /* main.swift */,
				ABB3051B28DE48BB00CE0E54 /* Functions.swift */,
			);
			path = Controller;
			sourceTree = "<group>";
		};
		ABB3051628DE27A500CE0E54 /* Model */ = {
			isa = PBXGroup;
			children = (
				ABB3051428DE279F00CE0E54 /* User.swift */,
				ABB3053728DF57B500CE0E54 /* Products.swift */,
				ABB3053928DF622000CE0E54 /* Items.swift */,
				ABB3053B28DFB2F400CE0E54 /* Enemies.swift */,
			);
			path = Model;
			sourceTree = "<group>";
		};
/* End PBXGroup section */

/* Begin PBXNativeTarget section */
		ABB3050828DE24E700CE0E54 /* iOS-Bootcamp-Week1 */ = {
			isa = PBXNativeTarget;
			buildConfigurationList = ABB3051028DE24E700CE0E54 /* Build configuration list for PBXNativeTarget "iOS-Bootcamp-Week1" */;
			buildPhases = (
				ABB3050528DE24E700CE0E54 /* Sources */,
				ABB3050628DE24E700CE0E54 /* Frameworks */,
				ABB3050728DE24E700CE0E54 /* CopyFiles */,
			);
			buildRules = (
			);
			dependencies = (
			);
			name = "iOS-Bootcamp-Week1";
			productName = "iOS-Bootcamp-Week1";
			productReference = ABB3050928DE24E700CE0E54 /* iOS-Bootcamp-Week1 */;
			productType = "com.apple.product-type.tool";
		};
/* End PBXNativeTarget section */

/* Begin PBXProject section */
		ABB3050128DE24E700CE0E54 /* Project object */ = {
			isa = PBXProject;
			attributes = {
				BuildIndependentTargetsInParallel = 1;
				LastSwiftUpdateCheck = 1400;
				LastUpgradeCheck = 1400;
				TargetAttributes = {
					ABB3050828DE24E700CE0E54 = {
						CreatedOnToolsVersion = 14.0;
					};
				};
			};
			buildConfigurationList = ABB3050428DE24E700CE0E54 /* Build configuration list for PBXProject "iOS-Bootcamp-Week1" */;
			compatibilityVersion = "Xcode 14.0";
			developmentRegion = en;
			hasScannedForEncodings = 0;
			knownRegions = (
				en,
				Base,
			);
			mainGroup = ABB3050028DE24E700CE0E54;
			productRefGroup = ABB3050A28DE24E700CE0E54 /* Products */;
			projectDirPath = "";
			projectRoot = "";
			targets = (
				ABB3050828DE24E700CE0E54 /* iOS-Bootcamp-Week1 */,
			);
		};
/* End PBXProject section */

/* Begin PBXSourcesBuildPhase section */
		ABB3050528DE24E700CE0E54 /* Sources */ = {
			isa = PBXSourcesBuildPhase;
			buildActionMask = 2147483647;
			files = (
				ABB3051528DE279F00CE0E54 /* User.swift in Sources */,
				ABB3053A28DF622000CE0E54 /* Items.swift in Sources */,
				ABB3053828DF57B500CE0E54 /* Products.swift in Sources */,
				ABB3050D28DE24E700CE0E54 /* main.swift in Sources */,
				ABB3053C28DFB2F400CE0E54 /* Enemies.swift in Sources */,
				ABB3051C28DE48BB00CE0E54 /* Functions.swift in Sources */,
			);
			runOnlyForDeploymentPostprocessing = 0;
		};
/* End PBXSourcesBuildPhase section */

/* Begin XCBuildConfiguration section */
		ABB3050E28DE24E700CE0E54 /* Debug */ = {
			isa = XCBuildConfiguration;
			buildSettings = {
				ALWAYS_SEARCH_USER_PATHS = NO;
				CLANG_ANALYZER_NONNULL = YES;
				CLANG_ANALYZER_NUMBER_OBJECT_CONVERSION = YES_AGGRESSIVE;
				CLANG_CXX_LANGUAGE_STANDARD = "gnu++20";
				CLANG_ENABLE_MODULES = YES;
				CLANG_ENABLE_OBJC_ARC = YES;
				CLANG_ENABLE_OBJC_WEAK = YES;
				CLANG_WARN_BLOCK_CAPTURE_AUTORELEASING = YES;
				CLANG_WARN_BOOL_CONVERSION = YES;
				CLANG_WARN_COMMA = YES;
				CLANG_WARN_CONSTANT_CONVERSION = YES;
				CLANG_WARN_DEPRECATED_OBJC_IMPLEMENTATIONS = YES;
				CLANG_WARN_DIRECT_OBJC_ISA_USAGE = YES_ERROR;
				CLANG_WARN_DOCUMENTATION_COMMENTS = YES;
				CLANG_WARN_EMPTY_BODY = YES;
				CLANG_WARN_ENUM_CONVERSION = YES;
				CLANG_WARN_INFINITE_RECURSION = YES;
				CLANG_WARN_INT_CONVERSION = YES;
				CLANG_WARN_NON_LITERAL_NULL_CONVERSION = YES;
				CLANG_WARN_OBJC_IMPLICIT_RETAIN_SELF = YES;
				CLANG_WARN_OBJC_LITERAL_CONVERSION = YES;
				CLANG_WARN_OBJC_ROOT_CLASS = YES_ERROR;
				CLANG_WARN_QUOTED_INCLUDE_IN_FRAMEWORK_HEADER = YES;
				CLANG_WARN_RANGE_LOOP_ANALYSIS = YES;
				CLANG_WARN_STRICT_PROTOTYPES = YES;
				CLANG_WARN_SUSPICIOUS_MOVE = YES;
				CLANG_WARN_UNGUARDED_AVAILABILITY = YES_AGGRESSIVE;
				CLANG_WARN_UNREACHABLE_CODE = YES;
				CLANG_WARN__DUPLICATE_METHOD_MATCH = YES;
				COPY_PHASE_STRIP = NO;
				DEBUG_INFORMATION_FORMAT = dwarf;
				ENABLE_STRICT_OBJC_MSGSEND = YES;
				ENABLE_TESTABILITY = YES;
				GCC_C_LANGUAGE_STANDARD = gnu11;
				GCC_DYNAMIC_NO_PIC = NO;
				GCC_NO_COMMON_BLOCKS = YES;
				GCC_OPTIMIZATION_LEVEL = 0;
				GCC_PREPROCESSOR_DEFINITIONS = (
					"DEBUG=1",
					"$(inherited)",
				);
				GCC_WARN_64_TO_32_BIT_CONVERSION = YES;
				GCC_WARN_ABOUT_RETURN_TYPE = YES_ERROR;
				GCC_WARN_UNDECLARED_SELECTOR = YES;
				GCC_WARN_UNINITIALIZED_AUTOS = YES_AGGRESSIVE;
				GCC_WARN_UNUSED_FUNCTION = YES;
				GCC_WARN_UNUSED_VARIABLE = YES;
				MACOSX_DEPLOYMENT_TARGET = 12.3;
				MTL_ENABLE_DEBUG_INFO = INCLUDE_SOURCE;
				MTL_FAST_MATH = YES;
				ONLY_ACTIVE_ARCH = YES;
				SDKROOT = macosx;
				SWIFT_ACTIVE_COMPILATION_CONDITIONS = DEBUG;
				SWIFT_OPTIMIZATION_LEVEL = "-Onone";
			};
			name = Debug;
		};
		ABB3050F28DE24E700CE0E54 /* Release */ = {
			isa = XCBuildConfiguration;
			buildSettings = {
				ALWAYS_SEARCH_USER_PATHS = NO;
				CLANG_ANALYZER_NONNULL = YES;
				CLANG_ANALYZER_NUMBER_OBJECT_CONVERSION = YES_AGGRESSIVE;
				CLANG_CXX_LANGUAGE_STANDARD = "gnu++20";
				CLANG_ENABLE_MODULES = YES;
				CLANG_ENABLE_OBJC_ARC = YES;
				CLANG_ENABLE_OBJC_WEAK = YES;
				CLANG_WARN_BLOCK_CAPTURE_AUTORELEASING = YES;
				CLANG_WARN_BOOL_CONVERSION = YES;
				CLANG_WARN_COMMA = YES;
				CLANG_WARN_CONSTANT_CONVERSION = YES;
				CLANG_WARN_DEPRECATED_OBJC_IMPLEMENTATIONS = YES;
				CLANG_WARN_DIRECT_OBJC_ISA_USAGE = YES_ERROR;
				CLANG_WARN_DOCUMENTATION_COMMENTS = YES;
				CLANG_WARN_EMPTY_BODY = YES;
				CLANG_WARN_ENUM_CONVERSION = YES;
				CLANG_WARN_INFINITE_RECURSION = YES;
				CLANG_WARN_INT_CONVERSION = YES;
				CLANG_WARN_NON_LITERAL_NULL_CONVERSION = YES;
				CLANG_WARN_OBJC_IMPLICIT_RETAIN_SELF = YES;
				CLANG_WARN_OBJC_LITERAL_CONVERSION = YES;
				CLANG_WARN_OBJC_ROOT_CLASS = YES_ERROR;
				CLANG_WARN_QUOTED_INCLUDE_IN_FRAMEWORK_HEADER = YES;
				CLANG_WARN_RANGE_LOOP_ANALYSIS = YES;
				CLANG_WARN_STRICT_PROTOTYPES = YES;
				CLANG_WARN_SUSPICIOUS_MOVE = YES;
				CLANG_WARN_UNGUARDED_AVAILABILITY = YES_AGGRESSIVE;
				CLANG_WARN_UNREACHABLE_CODE = YES;
				CLANG_WARN__DUPLICATE_METHOD_MATCH = YES;
				COPY_PHASE_STRIP = NO;
				DEBUG_INFORMATION_FORMAT = "dwarf-with-dsym";
				ENABLE_NS_ASSERTIONS = NO;
				ENABLE_STRICT_OBJC_MSGSEND = YES;
				GCC_C_LANGUAGE_STANDARD = gnu11;
				GCC_NO_COMMON_BLOCKS = YES;
				GCC_WARN_64_TO_32_BIT_CONVERSION = YES;
				GCC_WARN_ABOUT_RETURN_TYPE = YES_ERROR;
				GCC_WARN_UNDECLARED_SELECTOR = YES;
				GCC_WARN_UNINITIALIZED_AUTOS = YES_AGGRESSIVE;
				GCC_WARN_UNUSED_FUNCTION = YES;
				GCC_WARN_UNUSED_VARIABLE = YES;
				MACOSX_DEPLOYMENT_TARGET = 12.3;
				MTL_ENABLE_DEBUG_INFO = NO;
				MTL_FAST_MATH = YES;
				SDKROOT = macosx;
				SWIFT_COMPILATION_MODE = wholemodule;
				SWIFT_OPTIMIZATION_LEVEL = "-O";
			};
			name = Release;
		};
		ABB3051128DE24E700CE0E54 /* Debug */ = {
			isa = XCBuildConfiguration;
			buildSettings = {
				CODE_SIGN_STYLE = Automatic;
				DEVELOPMENT_TEAM = 5DKBCS58WX;
				ENABLE_HARDENED_RUNTIME = YES;
				PRODUCT_NAME = "$(TARGET_NAME)";
				SWIFT_VERSION = 5.0;
			};
			name = Debug;
		};
		ABB3051228DE24E700CE0E54 /* Release */ = {
			isa = XCBuildConfiguration;
			buildSettings = {
				CODE_SIGN_STYLE = Automatic;
				DEVELOPMENT_TEAM = 5DKBCS58WX;
				ENABLE_HARDENED_RUNTIME = YES;
				PRODUCT_NAME = "$(TARGET_NAME)";
				SWIFT_VERSION = 5.0;
			};
			name = Release;
		};
/* End XCBuildConfiguration section */

/* Begin XCConfigurationList section */
		ABB3050428DE24E700CE0E54 /* Build configuration list for PBXProject "iOS-Bootcamp-Week1" */ = {
			isa = XCConfigurationList;
			buildConfigurations = (
				ABB3050E28DE24E700CE0E54 /* Debug */,
				ABB3050F28DE24E700CE0E54 /* Release */,
			);
			defaultConfigurationIsVisible = 0;
			defaultConfigurationName = Release;
		};
		ABB3051028DE24E700CE0E54 /* Build configuration list for PBXNativeTarget "iOS-Bootcamp-Week1" */ = {
			isa = XCConfigurationList;
			buildConfigurations = (
				ABB3051128DE24E700CE0E54 /* Debug */,
				ABB3051228DE24E700CE0E54 /* Release */,
			);
			defaultConfigurationIsVisible = 0;
			defaultConfigurationName = Release;
		};
/* End XCConfigurationList section */
	};
	rootObject = ABB3050128DE24E700CE0E54 /* Project object */;
}
